// !$*UTF8*$!
{
	archiveVersion = 1;
	classes = {
	};
	objectVersion = 77;
	objects = {

/* Begin PBXBuildFile section */
		CA14D7DD2E9EDC6A0052BFE6 /* MainView.swift in Sources */ = {isa = PBXBuildFile; fileRef = CA14D7DC2E9EDC650052BFE6 /* MainView.swift */; };
		CA673C1E2E9983F200605260 /* Map.swift in Sources */ = {isa = PBXBuildFile; fileRef = CA673C1D2E9983F200605260 /* Map.swift */; };
		CA673C202E998AF800605260 /* World.swift in Sources */ = {isa = PBXBuildFile; fileRef = CA673C1F2E998AF400605260 /* World.swift */; };
		CA673C222E998DC000605260 /* MSEntity.swift in Sources */ = {isa = PBXBuildFile; fileRef = CA673C212E998DBD00605260 /* MSEntity.swift */; };
		CA673C252E99AC3100605260 /* WorldUpdateable.swift in Sources */ = {isa = PBXBuildFile; fileRef = CA673C242E99AC2900605260 /* WorldUpdateable.swift */; };
		CA673C282E99AD1A00605260 /* VisibilityComponent.swift in Sources */ = {isa = PBXBuildFile; fileRef = CA673C272E99AD1A00605260 /* VisibilityComponent.swift */; };
		CA7ED9122E9EA38900EEE807 /* Event.swift in Sources */ = {isa = PBXBuildFile; fileRef = CA7ED9112E9EA37D00EEE807 /* Event.swift */; };
		CA82FA572E8B221D00BF36CB /* MainApp.swift in Sources */ = {isa = PBXBuildFile; fileRef = CA82FA502E8B221D00BF36CB /* MainApp.swift */; };
		CA82FA582E8B221D00BF36CB /* GameScene.swift in Sources */ = {isa = PBXBuildFile; fileRef = CA82FA522E8B221D00BF36CB /* GameScene.swift */; };
		CA82FA5A2E8B221D00BF36CB /* Assets.xcassets in Resources */ = {isa = PBXBuildFile; fileRef = CA82FA512E8B221D00BF36CB /* Assets.xcassets */; };
		CA82FA5E2E8B28B200BF36CB /* Vector.swift in Sources */ = {isa = PBXBuildFile; fileRef = CA82FA5D2E8B28AE00BF36CB /* Vector.swift */; };
		CA82FA602E8B28E500BF36CB /* SKonsole.swift in Sources */ = {isa = PBXBuildFile; fileRef = CA82FA5F2E8B28D600BF36CB /* SKonsole.swift */; };
		CA82FA622E8B3F4C00BF36CB /* ConverterTable.swift in Sources */ = {isa = PBXBuildFile; fileRef = CA82FA612E8B3F3C00BF36CB /* ConverterTable.swift */; };
		CAB5BD602E9C556300CB7A89 /* OwnedState.swift in Sources */ = {isa = PBXBuildFile; fileRef = CAB5BD5F2E9C555F00CB7A89 /* OwnedState.swift */; };
		CAB5BD622E9C55CC00CB7A89 /* GKStateMachine+WorldUpdateable.swift in Sources */ = {isa = PBXBuildFile; fileRef = CAB5BD612E9C55B200CB7A89 /* GKStateMachine+WorldUpdateable.swift */; };
		CAB5BD642E9C56EE00CB7A89 /* PatrollingState.swift in Sources */ = {isa = PBXBuildFile; fileRef = CAB5BD632E9C56E200CB7A89 /* PatrollingState.swift */; };
		CAB5BD662E9C579F00CB7A89 /* PursuingState.swift in Sources */ = {isa = PBXBuildFile; fileRef = CAB5BD652E9C579F00CB7A89 /* PursuingState.swift */; };
		CAB5BD682E9C57E300CB7A89 /* AISimplePatrollComponent.swift in Sources */ = {isa = PBXBuildFile; fileRef = CAB5BD672E9C57D400CB7A89 /* AISimplePatrollComponent.swift */; };
		CAB5BD6A2E9C66D800CB7A89 /* Heading.swift in Sources */ = {isa = PBXBuildFile; fileRef = CAB5BD692E9C66D200CB7A89 /* Heading.swift */; };
/* End PBXBuildFile section */

/* Begin PBXFileReference section */
		CA0F2B7E2E8B13B000F94932 /* SpriteKitMacOS.app */ = {isa = PBXFileReference; explicitFileType = wrapper.application; includeInIndex = 0; path = SpriteKitMacOS.app; sourceTree = BUILT_PRODUCTS_DIR; };
		CA14D7DC2E9EDC650052BFE6 /* MainView.swift */ = {isa = PBXFileReference; lastKnownFileType = sourcecode.swift; path = MainView.swift; sourceTree = "<group>"; };
		CA673C1D2E9983F200605260 /* Map.swift */ = {isa = PBXFileReference; lastKnownFileType = sourcecode.swift; path = Map.swift; sourceTree = "<group>"; };
		CA673C1F2E998AF400605260 /* World.swift */ = {isa = PBXFileReference; lastKnownFileType = sourcecode.swift; path = World.swift; sourceTree = "<group>"; };
		CA673C212E998DBD00605260 /* MSEntity.swift */ = {isa = PBXFileReference; lastKnownFileType = sourcecode.swift; path = MSEntity.swift; sourceTree = "<group>"; };
		CA673C242E99AC2900605260 /* WorldUpdateable.swift */ = {isa = PBXFileReference; lastKnownFileType = sourcecode.swift; path = WorldUpdateable.swift; sourceTree = "<group>"; };
		CA673C272E99AD1A00605260 /* VisibilityComponent.swift */ = {isa = PBXFileReference; lastKnownFileType = sourcecode.swift; path = VisibilityComponent.swift; sourceTree = "<group>"; };
		CA7ED9112E9EA37D00EEE807 /* Event.swift */ = {isa = PBXFileReference; lastKnownFileType = sourcecode.swift; path = Event.swift; sourceTree = "<group>"; };
		CA82FA502E8B221D00BF36CB /* MainApp.swift */ = {isa = PBXFileReference; lastKnownFileType = sourcecode.swift; path = MainApp.swift; sourceTree = "<group>"; };
		CA82FA512E8B221D00BF36CB /* Assets.xcassets */ = {isa = PBXFileReference; lastKnownFileType = folder.assetcatalog; path = Assets.xcassets; sourceTree = "<group>"; };
		CA82FA522E8B221D00BF36CB /* GameScene.swift */ = {isa = PBXFileReference; lastKnownFileType = sourcecode.swift; path = GameScene.swift; sourceTree = "<group>"; };
		CA82FA5D2E8B28AE00BF36CB /* Vector.swift */ = {isa = PBXFileReference; lastKnownFileType = sourcecode.swift; path = Vector.swift; sourceTree = "<group>"; };
		CA82FA5F2E8B28D600BF36CB /* SKonsole.swift */ = {isa = PBXFileReference; lastKnownFileType = sourcecode.swift; path = SKonsole.swift; sourceTree = "<group>"; };
		CA82FA612E8B3F3C00BF36CB /* ConverterTable.swift */ = {isa = PBXFileReference; lastKnownFileType = sourcecode.swift; path = ConverterTable.swift; sourceTree = "<group>"; };
		CAB5BD5F2E9C555F00CB7A89 /* OwnedState.swift */ = {isa = PBXFileReference; lastKnownFileType = sourcecode.swift; path = OwnedState.swift; sourceTree = "<group>"; };
		CAB5BD612E9C55B200CB7A89 /* GKStateMachine+WorldUpdateable.swift */ = {isa = PBXFileReference; lastKnownFileType = sourcecode.swift; path = "GKStateMachine+WorldUpdateable.swift"; sourceTree = "<group>"; };
		CAB5BD632E9C56E200CB7A89 /* PatrollingState.swift */ = {isa = PBXFileReference; lastKnownFileType = sourcecode.swift; path = PatrollingState.swift; sourceTree = "<group>"; };
		CAB5BD652E9C579F00CB7A89 /* PursuingState.swift */ = {isa = PBXFileReference; lastKnownFileType = sourcecode.swift; path = PursuingState.swift; sourceTree = "<group>"; };
		CAB5BD672E9C57D400CB7A89 /* AISimplePatrollComponent.swift */ = {isa = PBXFileReference; lastKnownFileType = sourcecode.swift; path = AISimplePatrollComponent.swift; sourceTree = "<group>"; };
		CAB5BD692E9C66D200CB7A89 /* Heading.swift */ = {isa = PBXFileReference; lastKnownFileType = sourcecode.swift; path = Heading.swift; sourceTree = "<group>"; };
/* End PBXFileReference section */

/* Begin PBXFrameworksBuildPhase section */
		CA0F2B7B2E8B13B000F94932 /* Frameworks */ = {
			isa = PBXFrameworksBuildPhase;
			buildActionMask = 2147483647;
			files = (
			);
			runOnlyForDeploymentPostprocessing = 0;
		};
/* End PBXFrameworksBuildPhase section */

/* Begin PBXGroup section */
		CA0F2B752E8B13B000F94932 = {
			isa = PBXGroup;
			children = (
				CA82FA562E8B221D00BF36CB /* SpriteKitMacOS */,
				CA0F2B7F2E8B13B000F94932 /* Products */,
			);
			sourceTree = "<group>";
		};
		CA0F2B7F2E8B13B000F94932 /* Products */ = {
			isa = PBXGroup;
			children = (
				CA0F2B7E2E8B13B000F94932 /* SpriteKitMacOS.app */,
			);
			name = Products;
			sourceTree = "<group>";
		};
		CA14D7D62E9EDC0E0052BFE6 /* View */ = {
			isa = PBXGroup;
			children = (
				CA82FA522E8B221D00BF36CB /* GameScene.swift */,
				CA14D7DC2E9EDC650052BFE6 /* MainView.swift */,
			);
			path = View;
			sourceTree = "<group>";
		};
		CA14D7D72E9EDC170052BFE6 /* Resources */ = {
			isa = PBXGroup;
			children = (
				CA14D7DB2E9EDC370052BFE6 /* Sounds */,
				CA14D7DA2E9EDC2E0052BFE6 /* Graphics */,
			);
			path = Resources;
			sourceTree = "<group>";
		};
		CA14D7DA2E9EDC2E0052BFE6 /* Graphics */ = {
			isa = PBXGroup;
			children = (
				CA82FA512E8B221D00BF36CB /* Assets.xcassets */,
			);
			path = Graphics;
			sourceTree = "<group>";
		};
		CA14D7DB2E9EDC370052BFE6 /* Sounds */ = {
			isa = PBXGroup;
			children = (
			);
			path = Sounds;
			sourceTree = "<group>";
		};
		CA673C1C2E9983E500605260 /* Model */ = {
			isa = PBXGroup;
			children = (
				CA7ED9112E9EA37D00EEE807 /* Event.swift */,
				CAB5BD692E9C66D200CB7A89 /* Heading.swift */,
				CAB5BD5E2E9C550C00CB7A89 /* StateMachines */,
				CA673C262E99ACFA00605260 /* Components */,
				CA673C1D2E9983F200605260 /* Map.swift */,
				CA673C1F2E998AF400605260 /* World.swift */,
				CA673C212E998DBD00605260 /* MSEntity.swift */,
			);
			path = Model;
			sourceTree = "<group>";
		};
		CA673C232E99AC1F00605260 /* Protocol */ = {
			isa = PBXGroup;
			children = (
				CA673C242E99AC2900605260 /* WorldUpdateable.swift */,
			);
			path = Protocol;
			sourceTree = "<group>";
		};
		CA673C262E99ACFA00605260 /* Components */ = {
			isa = PBXGroup;
			children = (
				CAB5BD672E9C57D400CB7A89 /* AISimplePatrollComponent.swift */,
				CA673C272E99AD1A00605260 /* VisibilityComponent.swift */,
			);
			path = Components;
			sourceTree = "<group>";
		};
		CA82FA562E8B221D00BF36CB /* SpriteKitMacOS */ = {
			isa = PBXGroup;
			children = (
				CA14D7D72E9EDC170052BFE6 /* Resources */,
				CA673C232E99AC1F00605260 /* Protocol */,
				CA82FA5C2E8B288600BF36CB /* MainContent */,
				CA673C1C2E9983E500605260 /* Model */,
				CA14D7D62E9EDC0E0052BFE6 /* View */,
				CA82FA502E8B221D00BF36CB /* MainApp.swift */,
			);
			path = SpriteKitMacOS;
			sourceTree = "<group>";
		};
		CA82FA5C2E8B288600BF36CB /* MainContent */ = {
			isa = PBXGroup;
			children = (
				CA82FA612E8B3F3C00BF36CB /* ConverterTable.swift */,
				CA82FA5F2E8B28D600BF36CB /* SKonsole.swift */,
				CA82FA5D2E8B28AE00BF36CB /* Vector.swift */,
			);
			path = MainContent;
			sourceTree = "<group>";
		};
		CAB5BD5E2E9C550C00CB7A89 /* StateMachines */ = {
			isa = PBXGroup;
			children = (
				CAB5BD652E9C579F00CB7A89 /* PursuingState.swift */,
				CAB5BD632E9C56E200CB7A89 /* PatrollingState.swift */,
				CAB5BD612E9C55B200CB7A89 /* GKStateMachine+WorldUpdateable.swift */,
				CAB5BD5F2E9C555F00CB7A89 /* OwnedState.swift */,
			);
			path = StateMachines;
			sourceTree = "<group>";
		};
/* End PBXGroup section */

/* Begin PBXNativeTarget section */
		CA0F2B7D2E8B13B000F94932 /* SpriteKitMacOS */ = {
			isa = PBXNativeTarget;
			buildConfigurationList = CA0F2B922E8B13B100F94932 /* Build configuration list for PBXNativeTarget "SpriteKitMacOS" */;
			buildPhases = (
				CA0F2B7A2E8B13B000F94932 /* Sources */,
				CA0F2B7B2E8B13B000F94932 /* Frameworks */,
				CA0F2B7C2E8B13B000F94932 /* Resources */,
			);
			buildRules = (
			);
			dependencies = (
			);
			name = SpriteKitMacOS;
			packageProductDependencies = (
			);
			productName = SpriteKitMacOS;
			productReference = CA0F2B7E2E8B13B000F94932 /* SpriteKitMacOS.app */;
			productType = "com.apple.product-type.application";
		};
/* End PBXNativeTarget section */

/* Begin PBXProject section */
		CA0F2B762E8B13B000F94932 /* Project object */ = {
			isa = PBXProject;
			attributes = {
				BuildIndependentTargetsInParallel = 1;
				LastSwiftUpdateCheck = 2600;
				LastUpgradeCheck = 2600;
				TargetAttributes = {
					CA0F2B7D2E8B13B000F94932 = {
						CreatedOnToolsVersion = 26.0.1;
					};
				};
			};
			buildConfigurationList = CA0F2B792E8B13B000F94932 /* Build configuration list for PBXProject "SpriteKitMacOS" */;
			developmentRegion = en;
			hasScannedForEncodings = 0;
			knownRegions = (
				en,
				Base,
			);
			mainGroup = CA0F2B752E8B13B000F94932;
			minimizedProjectReferenceProxies = 1;
			preferredProjectObjectVersion = 77;
			productRefGroup = CA0F2B7F2E8B13B000F94932 /* Products */;
			projectDirPath = "";
			projectRoot = "";
			targets = (
				CA0F2B7D2E8B13B000F94932 /* SpriteKitMacOS */,
			);
		};
/* End PBXProject section */

/* Begin PBXResourcesBuildPhase section */
		CA0F2B7C2E8B13B000F94932 /* Resources */ = {
			isa = PBXResourcesBuildPhase;
			buildActionMask = 2147483647;
			files = (
				CA82FA5A2E8B221D00BF36CB /* Assets.xcassets in Resources */,
			);
			runOnlyForDeploymentPostprocessing = 0;
		};
/* End PBXResourcesBuildPhase section */

/* Begin PBXSourcesBuildPhase section */
		CA0F2B7A2E8B13B000F94932 /* Sources */ = {
			isa = PBXSourcesBuildPhase;
			buildActionMask = 2147483647;
			files = (
				CA673C222E998DC000605260 /* MSEntity.swift in Sources */,
				CA82FA572E8B221D00BF36CB /* MainApp.swift in Sources */,
				CA82FA582E8B221D00BF36CB /* GameScene.swift in Sources */,
				CAB5BD6A2E9C66D800CB7A89 /* Heading.swift in Sources */,
				CA673C1E2E9983F200605260 /* Map.swift in Sources */,
				CA14D7DD2E9EDC6A0052BFE6 /* MainView.swift in Sources */,
				CAB5BD622E9C55CC00CB7A89 /* GKStateMachine+WorldUpdateable.swift in Sources */,
				CAB5BD642E9C56EE00CB7A89 /* PatrollingState.swift in Sources */,
				CA673C282E99AD1A00605260 /* VisibilityComponent.swift in Sources */,
				CA82FA602E8B28E500BF36CB /* SKonsole.swift in Sources */,
				CA673C252E99AC3100605260 /* WorldUpdateable.swift in Sources */,
				CA7ED9122E9EA38900EEE807 /* Event.swift in Sources */,
				CAB5BD602E9C556300CB7A89 /* OwnedState.swift in Sources */,
				CA82FA622E8B3F4C00BF36CB /* ConverterTable.swift in Sources */,
				CA82FA5E2E8B28B200BF36CB /* Vector.swift in Sources */,
				CA673C202E998AF800605260 /* World.swift in Sources */,
				CAB5BD662E9C579F00CB7A89 /* PursuingState.swift in Sources */,
				CAB5BD682E9C57E300CB7A89 /* AISimplePatrollComponent.swift in Sources */,
			);
			runOnlyForDeploymentPostprocessing = 0;
		};
/* End PBXSourcesBuildPhase section */

/* Begin XCBuildConfiguration section */
		CA0F2B902E8B13B100F94932 /* Debug */ = {
			isa = XCBuildConfiguration;
			buildSettings = {
				ALWAYS_SEARCH_USER_PATHS = NO;
				ASSETCATALOG_COMPILER_GENERATE_SWIFT_ASSET_SYMBOL_EXTENSIONS = YES;
				CLANG_ANALYZER_NONNULL = YES;
				CLANG_ANALYZER_NUMBER_OBJECT_CONVERSION = YES_AGGRESSIVE;
				CLANG_CXX_LANGUAGE_STANDARD = "gnu++20";
				CLANG_ENABLE_MODULES = YES;
				CLANG_ENABLE_OBJC_ARC = YES;
				CLANG_ENABLE_OBJC_WEAK = YES;
				CLANG_WARN_BLOCK_CAPTURE_AUTORELEASING = YES;
				CLANG_WARN_BOOL_CONVERSION = YES;
				CLANG_WARN_COMMA = YES;
				CLANG_WARN_CONSTANT_CONVERSION = YES;
				CLANG_WARN_DEPRECATED_OBJC_IMPLEMENTATIONS = YES;
				CLANG_WARN_DIRECT_OBJC_ISA_USAGE = YES_ERROR;
				CLANG_WARN_DOCUMENTATION_COMMENTS = YES;
				CLANG_WARN_EMPTY_BODY = YES;
				CLANG_WARN_ENUM_CONVERSION = YES;
				CLANG_WARN_INFINITE_RECURSION = YES;
				CLANG_WARN_INT_CONVERSION = YES;
				CLANG_WARN_NON_LITERAL_NULL_CONVERSION = YES;
				CLANG_WARN_OBJC_IMPLICIT_RETAIN_SELF = YES;
				CLANG_WARN_OBJC_LITERAL_CONVERSION = YES;
				CLANG_WARN_OBJC_ROOT_CLASS = YES_ERROR;
				CLANG_WARN_QUOTED_INCLUDE_IN_FRAMEWORK_HEADER = YES;
				CLANG_WARN_RANGE_LOOP_ANALYSIS = YES;
				CLANG_WARN_STRICT_PROTOTYPES = YES;
				CLANG_WARN_SUSPICIOUS_MOVE = YES;
				CLANG_WARN_UNGUARDED_AVAILABILITY = YES_AGGRESSIVE;
				CLANG_WARN_UNREACHABLE_CODE = YES;
				CLANG_WARN__DUPLICATE_METHOD_MATCH = YES;
				COPY_PHASE_STRIP = NO;
				DEBUG_INFORMATION_FORMAT = dwarf;
				ENABLE_STRICT_OBJC_MSGSEND = YES;
				ENABLE_TESTABILITY = YES;
				ENABLE_USER_SCRIPT_SANDBOXING = YES;
				GCC_C_LANGUAGE_STANDARD = gnu17;
				GCC_DYNAMIC_NO_PIC = NO;
				GCC_NO_COMMON_BLOCKS = YES;
				GCC_OPTIMIZATION_LEVEL = 0;
				GCC_PREPROCESSOR_DEFINITIONS = (
					"DEBUG=1",
					"$(inherited)",
				);
				GCC_WARN_64_TO_32_BIT_CONVERSION = YES;
				GCC_WARN_ABOUT_RETURN_TYPE = YES_ERROR;
				GCC_WARN_UNDECLARED_SELECTOR = YES;
				GCC_WARN_UNINITIALIZED_AUTOS = YES_AGGRESSIVE;
				GCC_WARN_UNUSED_FUNCTION = YES;
				GCC_WARN_UNUSED_VARIABLE = YES;
				LOCALIZATION_PREFERS_STRING_CATALOGS = YES;
				MACOSX_DEPLOYMENT_TARGET = 26.0;
				MTL_ENABLE_DEBUG_INFO = INCLUDE_SOURCE;
				MTL_FAST_MATH = YES;
				ONLY_ACTIVE_ARCH = YES;
				SDKROOT = macosx;
				SWIFT_ACTIVE_COMPILATION_CONDITIONS = "DEBUG $(inherited)";
				SWIFT_OPTIMIZATION_LEVEL = "-Onone";
			};
			name = Debug;
		};
		CA0F2B912E8B13B100F94932 /* Release */ = {
			isa = XCBuildConfiguration;
			buildSettings = {
				ALWAYS_SEARCH_USER_PATHS = NO;
				ASSETCATALOG_COMPILER_GENERATE_SWIFT_ASSET_SYMBOL_EXTENSIONS = YES;
				CLANG_ANALYZER_NONNULL = YES;
				CLANG_ANALYZER_NUMBER_OBJECT_CONVERSION = YES_AGGRESSIVE;
				CLANG_CXX_LANGUAGE_STANDARD = "gnu++20";
				CLANG_ENABLE_MODULES = YES;
				CLANG_ENABLE_OBJC_ARC = YES;
				CLANG_ENABLE_OBJC_WEAK = YES;
				CLANG_WARN_BLOCK_CAPTURE_AUTORELEASING = YES;
				CLANG_WARN_BOOL_CONVERSION = YES;
				CLANG_WARN_COMMA = YES;
				CLANG_WARN_CONSTANT_CONVERSION = YES;
				CLANG_WARN_DEPRECATED_OBJC_IMPLEMENTATIONS = YES;
				CLANG_WARN_DIRECT_OBJC_ISA_USAGE = YES_ERROR;
				CLANG_WARN_DOCUMENTATION_COMMENTS = YES;
				CLANG_WARN_EMPTY_BODY = YES;
				CLANG_WARN_ENUM_CONVERSION = YES;
				CLANG_WARN_INFINITE_RECURSION = YES;
				CLANG_WARN_INT_CONVERSION = YES;
				CLANG_WARN_NON_LITERAL_NULL_CONVERSION = YES;
				CLANG_WARN_OBJC_IMPLICIT_RETAIN_SELF = YES;
				CLANG_WARN_OBJC_LITERAL_CONVERSION = YES;
				CLANG_WARN_OBJC_ROOT_CLASS = YES_ERROR;
				CLANG_WARN_QUOTED_INCLUDE_IN_FRAMEWORK_HEADER = YES;
				CLANG_WARN_RANGE_LOOP_ANALYSIS = YES;
				CLANG_WARN_STRICT_PROTOTYPES = YES;
				CLANG_WARN_SUSPICIOUS_MOVE = YES;
				CLANG_WARN_UNGUARDED_AVAILABILITY = YES_AGGRESSIVE;
				CLANG_WARN_UNREACHABLE_CODE = YES;
				CLANG_WARN__DUPLICATE_METHOD_MATCH = YES;
				COPY_PHASE_STRIP = NO;
				DEBUG_INFORMATION_FORMAT = "dwarf-with-dsym";
				ENABLE_NS_ASSERTIONS = NO;
				ENABLE_STRICT_OBJC_MSGSEND = YES;
				ENABLE_USER_SCRIPT_SANDBOXING = YES;
				GCC_C_LANGUAGE_STANDARD = gnu17;
				GCC_NO_COMMON_BLOCKS = YES;
				GCC_WARN_64_TO_32_BIT_CONVERSION = YES;
				GCC_WARN_ABOUT_RETURN_TYPE = YES_ERROR;
				GCC_WARN_UNDECLARED_SELECTOR = YES;
				GCC_WARN_UNINITIALIZED_AUTOS = YES_AGGRESSIVE;
				GCC_WARN_UNUSED_FUNCTION = YES;
				GCC_WARN_UNUSED_VARIABLE = YES;
				LOCALIZATION_PREFERS_STRING_CATALOGS = YES;
				MACOSX_DEPLOYMENT_TARGET = 26.0;
				MTL_ENABLE_DEBUG_INFO = NO;
				MTL_FAST_MATH = YES;
				SDKROOT = macosx;
				SWIFT_COMPILATION_MODE = wholemodule;
			};
			name = Release;
		};
		CA0F2B932E8B13B100F94932 /* Debug */ = {
			isa = XCBuildConfiguration;
			buildSettings = {
				ASSETCATALOG_COMPILER_APPICON_NAME = AppIcon;
				ASSETCATALOG_COMPILER_GLOBAL_ACCENT_COLOR_NAME = AccentColor;
				CODE_SIGN_STYLE = Automatic;
				COMBINE_HIDPI_IMAGES = YES;
				CURRENT_PROJECT_VERSION = 1;
				ENABLE_APP_SANDBOX = YES;
				ENABLE_USER_SELECTED_FILES = readonly;
				GENERATE_INFOPLIST_FILE = YES;
				INFOPLIST_KEY_LSApplicationCategoryType = "public.app-category.games";
				INFOPLIST_KEY_NSHumanReadableCopyright = "";
				LD_RUNPATH_SEARCH_PATHS = (
					"$(inherited)",
					"@executable_path/../Frameworks",
				);
				MACOSX_DEPLOYMENT_TARGET = 26.0;
				MARKETING_VERSION = 1.0;
				PRODUCT_BUNDLE_IDENTIFIER = com.huntdigit.SpriteKitMacOS;
				PRODUCT_NAME = "$(TARGET_NAME)";
				REGISTER_APP_GROUPS = YES;
				STRING_CATALOG_GENERATE_SYMBOLS = YES;
				SWIFT_APPROACHABLE_CONCURRENCY = YES;
				SWIFT_DEFAULT_ACTOR_ISOLATION = MainActor;
				SWIFT_EMIT_LOC_STRINGS = YES;
				SWIFT_UPCOMING_FEATURE_MEMBER_IMPORT_VISIBILITY = YES;
				SWIFT_VERSION = 5.0;
			};
			name = Debug;
		};
		CA0F2B942E8B13B100F94932 /* Release */ = {
			isa = XCBuildConfiguration;
			buildSettings = {
				ASSETCATALOG_COMPILER_APPICON_NAME = AppIcon;
				ASSETCATALOG_COMPILER_GLOBAL_ACCENT_COLOR_NAME = AccentColor;
				CODE_SIGN_STYLE = Automatic;
				COMBINE_HIDPI_IMAGES = YES;
				CURRENT_PROJECT_VERSION = 1;
				ENABLE_APP_SANDBOX = YES;
				ENABLE_USER_SELECTED_FILES = readonly;
				GENERATE_INFOPLIST_FILE = YES;
				INFOPLIST_KEY_LSApplicationCategoryType = "public.app-category.games";
				INFOPLIST_KEY_NSHumanReadableCopyright = "";
				LD_RUNPATH_SEARCH_PATHS = (
					"$(inherited)",
					"@executable_path/../Frameworks",
				);
				MACOSX_DEPLOYMENT_TARGET = 26.0;
				MARKETING_VERSION = 1.0;
				PRODUCT_BUNDLE_IDENTIFIER = com.huntdigit.SpriteKitMacOS;
				PRODUCT_NAME = "$(TARGET_NAME)";
				REGISTER_APP_GROUPS = YES;
				STRING_CATALOG_GENERATE_SYMBOLS = YES;
				SWIFT_APPROACHABLE_CONCURRENCY = YES;
				SWIFT_DEFAULT_ACTOR_ISOLATION = MainActor;
				SWIFT_EMIT_LOC_STRINGS = YES;
				SWIFT_UPCOMING_FEATURE_MEMBER_IMPORT_VISIBILITY = YES;
				SWIFT_VERSION = 5.0;
			};
			name = Release;
		};
/* End XCBuildConfiguration section */

/* Begin XCConfigurationList section */
		CA0F2B792E8B13B000F94932 /* Build configuration list for PBXProject "SpriteKitMacOS" */ = {
			isa = XCConfigurationList;
			buildConfigurations = (
				CA0F2B902E8B13B100F94932 /* Debug */,
				CA0F2B912E8B13B100F94932 /* Release */,
			);
			defaultConfigurationIsVisible = 0;
			defaultConfigurationName = Release;
		};
		CA0F2B922E8B13B100F94932 /* Build configuration list for PBXNativeTarget "SpriteKitMacOS" */ = {
			isa = XCConfigurationList;
			buildConfigurations = (
				CA0F2B932E8B13B100F94932 /* Debug */,
				CA0F2B942E8B13B100F94932 /* Release */,
			);
			defaultConfigurationIsVisible = 0;
			defaultConfigurationName = Release;
		};
/* End XCConfigurationList section */
	};
	rootObject = CA0F2B762E8B13B000F94932 /* Project object */;
}
